
Microsoft Visual Studio Solution File, Format Version 12.00
# Visual Studio 15
VisualStudioVersion = 15.0.28307.572
MinimumVisualStudioVersion = 10.0.40219.1
Project("{FAE04EC0-301F-11D3-BF4B-00C04F79EFBC}") = "Workshop_4", "Workshop_4\Workshop_4.csproj", "{3D2C1012-55E8-4995-9944-B4573B8B63E5}"
EndProject
Project("{FAE04EC0-301F-11D3-BF4B-00C04F79EFBC}") = "BussinessLayer", "BussinessLayer\BussinessLayer.csproj", "{4B321BC2-7420-4D2F-879F-43FB83918FD9}"
EndProject
Project("{FAE04EC0-301F-11D3-BF4B-00C04F79EFBC}") = "DataLayer", "DataLayer\DataLayer.csproj", "{97AD7724-DAF9-4A47-91B8-B00F8D3F9116}"
EndProject
Global
	GlobalSection(SolutionConfigurationPlatforms) = preSolution
		Debug|Any CPU = Debug|Any CPU
		Release|Any CPU = Release|Any CPU
	EndGlobalSection
	GlobalSection(ProjectConfigurationPlatforms) = postSolution
		{3D2C1012-55E8-4995-9944-B4573B8B63E5}.Debug|Any CPU.ActiveCfg = Debug|Any CPU
		{3D2C1012-55E8-4995-9944-B4573B8B63E5}.Debug|Any CPU.Build.0 = Debug|Any CPU
		{3D2C1012-55E8-4995-9944-B4573B8B63E5}.Release|Any CPU.ActiveCfg = Release|Any CPU
		{3D2C1012-55E8-4995-9944-B4573B8B63E5}.Release|Any CPU.Build.0 = Release|Any CPU
		{4B321BC2-7420-4D2F-879F-43FB83918FD9}.Debug|Any CPU.ActiveCfg = Debug|Any CPU
		{4B321BC2-7420-4D2F-879F-43FB83918FD9}.Debug|Any CPU.Build.0 = Debug|Any CPU
		{4B321BC2-7420-4D2F-879F-43FB83918FD9}.Release|Any CPU.ActiveCfg = Release|Any CPU
		{4B321BC2-7420-4D2F-879F-43FB83918FD9}.Release|Any CPU.Build.0 = Release|Any CPU
		{97AD7724-DAF9-4A47-91B8-B00F8D3F9116}.Debug|Any CPU.ActiveCfg = Debug|Any CPU
		{97AD7724-DAF9-4A47-91B8-B00F8D3F9116}.Debug|Any CPU.Build.0 = Debug|Any CPU
		{97AD7724-DAF9-4A47-91B8-B00F8D3F9116}.Release|Any CPU.ActiveCfg = Release|Any CPU
		{97AD7724-DAF9-4A47-91B8-B00F8D3F9116}.Release|Any CPU.Build.0 = Release|Any CPU
	EndGlobalSection
	GlobalSection(SolutionProperties) = preSolution
		HideSolutionNode = FALSE
	EndGlobalSection
	GlobalSection(ExtensibilityGlobals) = postSolution
		SolutionGuid = {0DD6324D-C4D4-468C-93D8-DBD6D78A445C}
	EndGlobalSection
EndGlobal
